
Microsoft Visual Studio Solution File, Format Version 12.00
# Visual Studio 14
VisualStudioVersion = 14.0.24720.0
MinimumVisualStudioVersion = 10.0.40219.1
Project("{FAE04EC0-301F-11D3-BF4B-00C04F79EFBC}") = "Noire.Graphics", "Noire.Graphics\Noire.Graphics.csproj", "{78C8F484-104A-40E0-B151-583BB506C3B3}"
EndProject
Project("{FAE04EC0-301F-11D3-BF4B-00C04F79EFBC}") = "Noire.View", "Noire.View\Noire.View.csproj", "{68007EA7-BA81-45A6-AAED-CE2571145F45}"
EndProject
Project("{2150E333-8FDC-42A3-9474-1A3956D46DE8}") = "docs", "docs", "{C019352D-F802-4A71-B830-71510048831E}"
	ProjectSection(SolutionItems) = preProject
		README.md = README.md
	EndProjectSection
EndProject
Project("{FAE04EC0-301F-11D3-BF4B-00C04F79EFBC}") = "Noire.Misc", "Noire.Misc\Noire.Misc.csproj", "{A45FA6A8-E30E-4D2B-AE5C-5D9414920FBA}"
EndProject
Project("{FAE04EC0-301F-11D3-BF4B-00C04F79EFBC}") = "Noire.AssimpView", "Noire.AssimpView\Noire.AssimpView.csproj", "{FB5E7ACD-889C-4CD0-8D1D-858A046DFEFE}"
EndProject
Global
	GlobalSection(SolutionConfigurationPlatforms) = preSolution
		Debug|Any CPU = Debug|Any CPU
		Release|Any CPU = Release|Any CPU
	EndGlobalSection
	GlobalSection(ProjectConfigurationPlatforms) = postSolution
		{78C8F484-104A-40E0-B151-583BB506C3B3}.Debug|Any CPU.ActiveCfg = Debug|Any CPU
		{78C8F484-104A-40E0-B151-583BB506C3B3}.Debug|Any CPU.Build.0 = Debug|Any CPU
		{78C8F484-104A-40E0-B151-583BB506C3B3}.Release|Any CPU.ActiveCfg = Release|Any CPU
		{78C8F484-104A-40E0-B151-583BB506C3B3}.Release|Any CPU.Build.0 = Release|Any CPU
		{68007EA7-BA81-45A6-AAED-CE2571145F45}.Debug|Any CPU.ActiveCfg = Debug|Any CPU
		{68007EA7-BA81-45A6-AAED-CE2571145F45}.Debug|Any CPU.Build.0 = Debug|Any CPU
		{68007EA7-BA81-45A6-AAED-CE2571145F45}.Release|Any CPU.ActiveCfg = Release|Any CPU
		{68007EA7-BA81-45A6-AAED-CE2571145F45}.Release|Any CPU.Build.0 = Release|Any CPU
		{A45FA6A8-E30E-4D2B-AE5C-5D9414920FBA}.Debug|Any CPU.ActiveCfg = Debug|Any CPU
		{A45FA6A8-E30E-4D2B-AE5C-5D9414920FBA}.Debug|Any CPU.Build.0 = Debug|Any CPU
		{A45FA6A8-E30E-4D2B-AE5C-5D9414920FBA}.Release|Any CPU.ActiveCfg = Release|Any CPU
		{A45FA6A8-E30E-4D2B-AE5C-5D9414920FBA}.Release|Any CPU.Build.0 = Release|Any CPU
		{FB5E7ACD-889C-4CD0-8D1D-858A046DFEFE}.Debug|Any CPU.ActiveCfg = Debug|Any CPU
		{FB5E7ACD-889C-4CD0-8D1D-858A046DFEFE}.Debug|Any CPU.Build.0 = Debug|Any CPU
		{FB5E7ACD-889C-4CD0-8D1D-858A046DFEFE}.Release|Any CPU.ActiveCfg = Release|Any CPU
		{FB5E7ACD-889C-4CD0-8D1D-858A046DFEFE}.Release|Any CPU.Build.0 = Release|Any CPU
	EndGlobalSection
	GlobalSection(SolutionProperties) = preSolution
		HideSolutionNode = FALSE
	EndGlobalSection
EndGlobal
